// !$*UTF8*$!
{
	archiveVersion = 1;
	classes = {
	};
	objectVersion = 56;
	objects = {

/* Begin PBXBuildFile section */
		33F70BB32BD6B77E0044F8F6 /* AppDelegate.swift in Sources */ = {isa = PBXBuildFile; fileRef = 33F70BB22BD6B77E0044F8F6 /* AppDelegate.swift */; };
		33F70BB52BD6B77E0044F8F6 /* SceneDelegate.swift in Sources */ = {isa = PBXBuildFile; fileRef = 33F70BB42BD6B77E0044F8F6 /* SceneDelegate.swift */; };
		33F70BB72BD6B77E0044F8F6 /* CountryListVC.swift in Sources */ = {isa = PBXBuildFile; fileRef = 33F70BB62BD6B77E0044F8F6 /* CountryListVC.swift */; };
		33F70BBC2BD6B77F0044F8F6 /* Assets.xcassets in Resources */ = {isa = PBXBuildFile; fileRef = 33F70BBB2BD6B77F0044F8F6 /* Assets.xcassets */; };
		33F70BBF2BD6B77F0044F8F6 /* Base in Resources */ = {isa = PBXBuildFile; fileRef = 33F70BBE2BD6B77F0044F8F6 /* Base */; };
		33F70BC72BD6B9F00044F8F6 /* Header.swift in Sources */ = {isa = PBXBuildFile; fileRef = 33F70BC62BD6B9F00044F8F6 /* Header.swift */; };
		33F70BC92BD6C4B10044F8F6 /* CountryModel.swift in Sources */ = {isa = PBXBuildFile; fileRef = 33F70BC82BD6C4B10044F8F6 /* CountryModel.swift */; };
		33F70BCB2BD6C4DF0044F8F6 /* CountryService.swift in Sources */ = {isa = PBXBuildFile; fileRef = 33F70BCA2BD6C4DF0044F8F6 /* CountryService.swift */; };
		33F70BD32BD6FCA80044F8F6 /* CountryDetailsVC.swift in Sources */ = {isa = PBXBuildFile; fileRef = 33F70BD22BD6FCA80044F8F6 /* CountryDetailsVC.swift */; };
/* End PBXBuildFile section */

/* Begin PBXFileReference section */
		33F70BAF2BD6B77E0044F8F6 /* Lecture 20.app */ = {isa = PBXFileReference; explicitFileType = wrapper.application; includeInIndex = 0; path = "Lecture 20.app"; sourceTree = BUILT_PRODUCTS_DIR; };
		33F70BB22BD6B77E0044F8F6 /* AppDelegate.swift */ = {isa = PBXFileReference; lastKnownFileType = sourcecode.swift; path = AppDelegate.swift; sourceTree = "<group>"; };
		33F70BB42BD6B77E0044F8F6 /* SceneDelegate.swift */ = {isa = PBXFileReference; lastKnownFileType = sourcecode.swift; path = SceneDelegate.swift; sourceTree = "<group>"; };
		33F70BB62BD6B77E0044F8F6 /* CountryListVC.swift */ = {isa = PBXFileReference; lastKnownFileType = sourcecode.swift; path = CountryListVC.swift; sourceTree = "<group>"; };
		33F70BBB2BD6B77F0044F8F6 /* Assets.xcassets */ = {isa = PBXFileReference; lastKnownFileType = folder.assetcatalog; path = Assets.xcassets; sourceTree = "<group>"; };
		33F70BBE2BD6B77F0044F8F6 /* Base */ = {isa = PBXFileReference; lastKnownFileType = file.storyboard; name = Base; path = Base.lproj/LaunchScreen.storyboard; sourceTree = "<group>"; };
		33F70BC02BD6B77F0044F8F6 /* Info.plist */ = {isa = PBXFileReference; lastKnownFileType = text.plist.xml; path = Info.plist; sourceTree = "<group>"; };
		33F70BC62BD6B9F00044F8F6 /* Header.swift */ = {isa = PBXFileReference; lastKnownFileType = sourcecode.swift; path = Header.swift; sourceTree = "<group>"; };
		33F70BC82BD6C4B10044F8F6 /* CountryModel.swift */ = {isa = PBXFileReference; lastKnownFileType = sourcecode.swift; path = CountryModel.swift; sourceTree = "<group>"; };
		33F70BCA2BD6C4DF0044F8F6 /* CountryService.swift */ = {isa = PBXFileReference; lastKnownFileType = sourcecode.swift; path = CountryService.swift; sourceTree = "<group>"; };
		33F70BD22BD6FCA80044F8F6 /* CountryDetailsVC.swift */ = {isa = PBXFileReference; lastKnownFileType = sourcecode.swift; path = CountryDetailsVC.swift; sourceTree = "<group>"; };
/* End PBXFileReference section */

/* Begin PBXFrameworksBuildPhase section */
		33F70BAC2BD6B77E0044F8F6 /* Frameworks */ = {
			isa = PBXFrameworksBuildPhase;
			buildActionMask = 2147483647;
			files = (
			);
			runOnlyForDeploymentPostprocessing = 0;
		};
/* End PBXFrameworksBuildPhase section */

/* Begin PBXGroup section */
		33F70BA62BD6B77D0044F8F6 = {
			isa = PBXGroup;
			children = (
				33F70BB12BD6B77E0044F8F6 /* Lecture 20 */,
				33F70BB02BD6B77E0044F8F6 /* Products */,
			);
			sourceTree = "<group>";
		};
		33F70BB02BD6B77E0044F8F6 /* Products */ = {
			isa = PBXGroup;
			children = (
				33F70BAF2BD6B77E0044F8F6 /* Lecture 20.app */,
			);
			name = Products;
			sourceTree = "<group>";
		};
		33F70BB12BD6B77E0044F8F6 /* Lecture 20 */ = {
			isa = PBXGroup;
			children = (
				33F70BCE2BD6ED380044F8F6 /* App */,
				33F70BCF2BD6EDD70044F8F6 /* Model */,
				33F70BD02BD6EDFD0044F8F6 /* VC */,
				33F70BBB2BD6B77F0044F8F6 /* Assets.xcassets */,
				33F70BBD2BD6B77F0044F8F6 /* LaunchScreen.storyboard */,
				33F70BC02BD6B77F0044F8F6 /* Info.plist */,
			);
			path = "Lecture 20";
			sourceTree = "<group>";
		};
		33F70BCE2BD6ED380044F8F6 /* App */ = {
			isa = PBXGroup;
			children = (
				33F70BB22BD6B77E0044F8F6 /* AppDelegate.swift */,
				33F70BB42BD6B77E0044F8F6 /* SceneDelegate.swift */,
			);
			path = App;
			sourceTree = "<group>";
		};
		33F70BCF2BD6EDD70044F8F6 /* Model */ = {
			isa = PBXGroup;
			children = (
				33F70BC82BD6C4B10044F8F6 /* CountryModel.swift */,
				33F70BCA2BD6C4DF0044F8F6 /* CountryService.swift */,
			);
			path = Model;
			sourceTree = "<group>";
		};
		33F70BD02BD6EDFD0044F8F6 /* VC */ = {
			isa = PBXGroup;
			children = (
				33F70BC62BD6B9F00044F8F6 /* Header.swift */,
				33F70BB62BD6B77E0044F8F6 /* CountryListVC.swift */,
				33F70BD22BD6FCA80044F8F6 /* CountryDetailsVC.swift */,
			);
			path = VC;
			sourceTree = "<group>";
		};
/* End PBXGroup section */

/* Begin PBXNativeTarget section */
		33F70BAE2BD6B77E0044F8F6 /* Lecture 20 */ = {
			isa = PBXNativeTarget;
			buildConfigurationList = 33F70BC32BD6B77F0044F8F6 /* Build configuration list for PBXNativeTarget "Lecture 20" */;
			buildPhases = (
				33F70BAB2BD6B77E0044F8F6 /* Sources */,
				33F70BAC2BD6B77E0044F8F6 /* Frameworks */,
				33F70BAD2BD6B77E0044F8F6 /* Resources */,
			);
			buildRules = (
			);
			dependencies = (
			);
			name = "Lecture 20";
			productName = "Lecture 20";
			productReference = 33F70BAF2BD6B77E0044F8F6 /* Lecture 20.app */;
			productType = "com.apple.product-type.application";
		};
/* End PBXNativeTarget section */

/* Begin PBXProject section */
		33F70BA72BD6B77D0044F8F6 /* Project object */ = {
			isa = PBXProject;
			attributes = {
				BuildIndependentTargetsInParallel = 1;
				LastSwiftUpdateCheck = 1530;
				LastUpgradeCheck = 1530;
				TargetAttributes = {
					33F70BAE2BD6B77E0044F8F6 = {
						CreatedOnToolsVersion = 15.3;
					};
				};
			};
			buildConfigurationList = 33F70BAA2BD6B77D0044F8F6 /* Build configuration list for PBXProject "Lecture 20" */;
			compatibilityVersion = "Xcode 14.0";
			developmentRegion = en;
			hasScannedForEncodings = 0;
			knownRegions = (
				en,
				Base,
			);
			mainGroup = 33F70BA62BD6B77D0044F8F6;
			productRefGroup = 33F70BB02BD6B77E0044F8F6 /* Products */;
			projectDirPath = "";
			projectRoot = "";
			targets = (
				33F70BAE2BD6B77E0044F8F6 /* Lecture 20 */,
			);
		};
/* End PBXProject section */

/* Begin PBXResourcesBuildPhase section */
		33F70BAD2BD6B77E0044F8F6 /* Resources */ = {
			isa = PBXResourcesBuildPhase;
			buildActionMask = 2147483647;
			files = (
				33F70BBC2BD6B77F0044F8F6 /* Assets.xcassets in Resources */,
				33F70BBF2BD6B77F0044F8F6 /* Base in Resources */,
			);
			runOnlyForDeploymentPostprocessing = 0;
		};
/* End PBXResourcesBuildPhase section */

/* Begin PBXSourcesBuildPhase section */
		33F70BAB2BD6B77E0044F8F6 /* Sources */ = {
			isa = PBXSourcesBuildPhase;
			buildActionMask = 2147483647;
			files = (
				33F70BCB2BD6C4DF0044F8F6 /* CountryService.swift in Sources */,
				33F70BC72BD6B9F00044F8F6 /* Header.swift in Sources */,
				33F70BB72BD6B77E0044F8F6 /* CountryListVC.swift in Sources */,
				33F70BB32BD6B77E0044F8F6 /* AppDelegate.swift in Sources */,
				33F70BB52BD6B77E0044F8F6 /* SceneDelegate.swift in Sources */,
				33F70BC92BD6C4B10044F8F6 /* CountryModel.swift in Sources */,
				33F70BD32BD6FCA80044F8F6 /* CountryDetailsVC.swift in Sources */,
			);
			runOnlyForDeploymentPostprocessing = 0;
		};
/* End PBXSourcesBuildPhase section */

/* Begin PBXVariantGroup section */
		33F70BBD2BD6B77F0044F8F6 /* LaunchScreen.storyboard */ = {
			isa = PBXVariantGroup;
			children = (
				33F70BBE2BD6B77F0044F8F6 /* Base */,
			);
			name = LaunchScreen.storyboard;
			sourceTree = "<group>";
		};
/* End PBXVariantGroup section */

/* Begin XCBuildConfiguration section */
		33F70BC12BD6B77F0044F8F6 /* Debug */ = {
			isa = XCBuildConfiguration;
			buildSettings = {
				ALWAYS_SEARCH_USER_PATHS = NO;
				ASSETCATALOG_COMPILER_GENERATE_SWIFT_ASSET_SYMBOL_EXTENSIONS = YES;
				CLANG_ANALYZER_NONNULL = YES;
				CLANG_ANALYZER_NUMBER_OBJECT_CONVERSION = YES_AGGRESSIVE;
				CLANG_CXX_LANGUAGE_STANDARD = "gnu++20";
				CLANG_ENABLE_MODULES = YES;
				CLANG_ENABLE_OBJC_ARC = YES;
				CLANG_ENABLE_OBJC_WEAK = YES;
				CLANG_WARN_BLOCK_CAPTURE_AUTORELEASING = YES;
				CLANG_WARN_BOOL_CONVERSION = YES;
				CLANG_WARN_COMMA = YES;
				CLANG_WARN_CONSTANT_CONVERSION = YES;
				CLANG_WARN_DEPRECATED_OBJC_IMPLEMENTATIONS = YES;
				CLANG_WARN_DIRECT_OBJC_ISA_USAGE = YES_ERROR;
				CLANG_WARN_DOCUMENTATION_COMMENTS = YES;
				CLANG_WARN_EMPTY_BODY = YES;
				CLANG_WARN_ENUM_CONVERSION = YES;
				CLANG_WARN_INFINITE_RECURSION = YES;
				CLANG_WARN_INT_CONVERSION = YES;
				CLANG_WARN_NON_LITERAL_NULL_CONVERSION = YES;
				CLANG_WARN_OBJC_IMPLICIT_RETAIN_SELF = YES;
				CLANG_WARN_OBJC_LITERAL_CONVERSION = YES;
				CLANG_WARN_OBJC_ROOT_CLASS = YES_ERROR;
				CLANG_WARN_QUOTED_INCLUDE_IN_FRAMEWORK_HEADER = YES;
				CLANG_WARN_RANGE_LOOP_ANALYSIS = YES;
				CLANG_WARN_STRICT_PROTOTYPES = YES;
				CLANG_WARN_SUSPICIOUS_MOVE = YES;
				CLANG_WARN_UNGUARDED_AVAILABILITY = YES_AGGRESSIVE;
				CLANG_WARN_UNREACHABLE_CODE = YES;
				CLANG_WARN__DUPLICATE_METHOD_MATCH = YES;
				COPY_PHASE_STRIP = NO;
				DEBUG_INFORMATION_FORMAT = dwarf;
				ENABLE_STRICT_OBJC_MSGSEND = YES;
				ENABLE_TESTABILITY = YES;
				ENABLE_USER_SCRIPT_SANDBOXING = YES;
				GCC_C_LANGUAGE_STANDARD = gnu17;
				GCC_DYNAMIC_NO_PIC = NO;
				GCC_NO_COMMON_BLOCKS = YES;
				GCC_OPTIMIZATION_LEVEL = 0;
				GCC_PREPROCESSOR_DEFINITIONS = (
					"DEBUG=1",
					"$(inherited)",
				);
				GCC_WARN_64_TO_32_BIT_CONVERSION = YES;
				GCC_WARN_ABOUT_RETURN_TYPE = YES_ERROR;
				GCC_WARN_UNDECLARED_SELECTOR = YES;
				GCC_WARN_UNINITIALIZED_AUTOS = YES_AGGRESSIVE;
				GCC_WARN_UNUSED_FUNCTION = YES;
				GCC_WARN_UNUSED_VARIABLE = YES;
				IPHONEOS_DEPLOYMENT_TARGET = 17.4;
				LOCALIZATION_PREFERS_STRING_CATALOGS = YES;
				MTL_ENABLE_DEBUG_INFO = INCLUDE_SOURCE;
				MTL_FAST_MATH = YES;
				ONLY_ACTIVE_ARCH = YES;
				SDKROOT = iphoneos;
				SWIFT_ACTIVE_COMPILATION_CONDITIONS = "DEBUG $(inherited)";
				SWIFT_OPTIMIZATION_LEVEL = "-Onone";
			};
			name = Debug;
		};
		33F70BC22BD6B77F0044F8F6 /* Release */ = {
			isa = XCBuildConfiguration;
			buildSettings = {
				ALWAYS_SEARCH_USER_PATHS = NO;
				ASSETCATALOG_COMPILER_GENERATE_SWIFT_ASSET_SYMBOL_EXTENSIONS = YES;
				CLANG_ANALYZER_NONNULL = YES;
				CLANG_ANALYZER_NUMBER_OBJECT_CONVERSION = YES_AGGRESSIVE;
				CLANG_CXX_LANGUAGE_STANDARD = "gnu++20";
				CLANG_ENABLE_MODULES = YES;
				CLANG_ENABLE_OBJC_ARC = YES;
				CLANG_ENABLE_OBJC_WEAK = YES;
				CLANG_WARN_BLOCK_CAPTURE_AUTORELEASING = YES;
				CLANG_WARN_BOOL_CONVERSION = YES;
				CLANG_WARN_COMMA = YES;
				CLANG_WARN_CONSTANT_CONVERSION = YES;
				CLANG_WARN_DEPRECATED_OBJC_IMPLEMENTATIONS = YES;
				CLANG_WARN_DIRECT_OBJC_ISA_USAGE = YES_ERROR;
				CLANG_WARN_DOCUMENTATION_COMMENTS = YES;
				CLANG_WARN_EMPTY_BODY = YES;
				CLANG_WARN_ENUM_CONVERSION = YES;
				CLANG_WARN_INFINITE_RECURSION = YES;
				CLANG_WARN_INT_CONVERSION = YES;
				CLANG_WARN_NON_LITERAL_NULL_CONVERSION = YES;
				CLANG_WARN_OBJC_IMPLICIT_RETAIN_SELF = YES;
				CLANG_WARN_OBJC_LITERAL_CONVERSION = YES;
				CLANG_WARN_OBJC_ROOT_CLASS = YES_ERROR;
				CLANG_WARN_QUOTED_INCLUDE_IN_FRAMEWORK_HEADER = YES;
				CLANG_WARN_RANGE_LOOP_ANALYSIS = YES;
				CLANG_WARN_STRICT_PROTOTYPES = YES;
				CLANG_WARN_SUSPICIOUS_MOVE = YES;
				CLANG_WARN_UNGUARDED_AVAILABILITY = YES_AGGRESSIVE;
				CLANG_WARN_UNREACHABLE_CODE = YES;
				CLANG_WARN__DUPLICATE_METHOD_MATCH = YES;
				COPY_PHASE_STRIP = NO;
				DEBUG_INFORMATION_FORMAT = "dwarf-with-dsym";
				ENABLE_NS_ASSERTIONS = NO;
				ENABLE_STRICT_OBJC_MSGSEND = YES;
				ENABLE_USER_SCRIPT_SANDBOXING = YES;
				GCC_C_LANGUAGE_STANDARD = gnu17;
				GCC_NO_COMMON_BLOCKS = YES;
				GCC_WARN_64_TO_32_BIT_CONVERSION = YES;
				GCC_WARN_ABOUT_RETURN_TYPE = YES_ERROR;
				GCC_WARN_UNDECLARED_SELECTOR = YES;
				GCC_WARN_UNINITIALIZED_AUTOS = YES_AGGRESSIVE;
				GCC_WARN_UNUSED_FUNCTION = YES;
				GCC_WARN_UNUSED_VARIABLE = YES;
				IPHONEOS_DEPLOYMENT_TARGET = 17.4;
				LOCALIZATION_PREFERS_STRING_CATALOGS = YES;
				MTL_ENABLE_DEBUG_INFO = NO;
				MTL_FAST_MATH = YES;
				SDKROOT = iphoneos;
				SWIFT_COMPILATION_MODE = wholemodule;
				VALIDATE_PRODUCT = YES;
			};
			name = Release;
		};
		33F70BC42BD6B77F0044F8F6 /* Debug */ = {
			isa = XCBuildConfiguration;
			buildSettings = {
				ASSETCATALOG_COMPILER_APPICON_NAME = AppIcon;
				ASSETCATALOG_COMPILER_GLOBAL_ACCENT_COLOR_NAME = AccentColor;
				CODE_SIGN_STYLE = Automatic;
				CURRENT_PROJECT_VERSION = 1;
				GENERATE_INFOPLIST_FILE = YES;
				INFOPLIST_FILE = "Lecture 20/Info.plist";
				INFOPLIST_KEY_UIApplicationSupportsIndirectInputEvents = YES;
				INFOPLIST_KEY_UILaunchStoryboardName = LaunchScreen;
				INFOPLIST_KEY_UISupportedInterfaceOrientations = UIInterfaceOrientationPortrait;
				LD_RUNPATH_SEARCH_PATHS = (
					"$(inherited)",
					"@executable_path/Frameworks",
				);
				MARKETING_VERSION = 1.0;
				PRODUCT_BUNDLE_IDENTIFIER = "Nika.Lecture-20";
				PRODUCT_NAME = "$(TARGET_NAME)";
				SWIFT_EMIT_LOC_STRINGS = YES;
				SWIFT_VERSION = 5.0;
				TARGETED_DEVICE_FAMILY = "1,2";
			};
			name = Debug;
		};
		33F70BC52BD6B77F0044F8F6 /* Release */ = {
			isa = XCBuildConfiguration;
			buildSettings = {
				ASSETCATALOG_COMPILER_APPICON_NAME = AppIcon;
				ASSETCATALOG_COMPILER_GLOBAL_ACCENT_COLOR_NAME = AccentColor;
				CODE_SIGN_STYLE = Automatic;
				CURRENT_PROJECT_VERSION = 1;
				GENERATE_INFOPLIST_FILE = YES;
				INFOPLIST_FILE = "Lecture 20/Info.plist";
				INFOPLIST_KEY_UIApplicationSupportsIndirectInputEvents = YES;
				INFOPLIST_KEY_UILaunchStoryboardName = LaunchScreen;
				INFOPLIST_KEY_UISupportedInterfaceOrientations = UIInterfaceOrientationPortrait;
				LD_RUNPATH_SEARCH_PATHS = (
					"$(inherited)",
					"@executable_path/Frameworks",
				);
				MARKETING_VERSION = 1.0;
				PRODUCT_BUNDLE_IDENTIFIER = "Nika.Lecture-20";
				PRODUCT_NAME = "$(TARGET_NAME)";
				SWIFT_EMIT_LOC_STRINGS = YES;
				SWIFT_VERSION = 5.0;
				TARGETED_DEVICE_FAMILY = "1,2";
			};
			name = Release;
		};
/* End XCBuildConfiguration section */

/* Begin XCConfigurationList section */
		33F70BAA2BD6B77D0044F8F6 /* Build configuration list for PBXProject "Lecture 20" */ = {
			isa = XCConfigurationList;
			buildConfigurations = (
				33F70BC12BD6B77F0044F8F6 /* Debug */,
				33F70BC22BD6B77F0044F8F6 /* Release */,
			);
			defaultConfigurationIsVisible = 0;
			defaultConfigurationName = Release;
		};
		33F70BC32BD6B77F0044F8F6 /* Build configuration list for PBXNativeTarget "Lecture 20" */ = {
			isa = XCConfigurationList;
			buildConfigurations = (
				33F70BC42BD6B77F0044F8F6 /* Debug */,
				33F70BC52BD6B77F0044F8F6 /* Release */,
			);
			defaultConfigurationIsVisible = 0;
			defaultConfigurationName = Release;
		};
/* End XCConfigurationList section */
	};
	rootObject = 33F70BA72BD6B77D0044F8F6 /* Project object */;
}
