// !$*UTF8*$!
{
	archiveVersion = 1;
	classes = {
	};
	objectVersion = 56;
	objects = {

/* Begin PBXBuildFile section */
		3333C6BA2C083C77006E1293 /* Destination.swift in Sources */ = {isa = PBXBuildFile; fileRef = 3333C6B92C083C77006E1293 /* Destination.swift */; };
		3333C6BC2C083C8A006E1293 /* TravelTip.swift in Sources */ = {isa = PBXBuildFile; fileRef = 3333C6BB2C083C8A006E1293 /* TravelTip.swift */; };
		3333C6C02C083CD7006E1293 /* DestinationViewModel.swift in Sources */ = {isa = PBXBuildFile; fileRef = 3333C6BF2C083CD7006E1293 /* DestinationViewModel.swift */; };
		3333C6C22C083CEC006E1293 /* TravelTipsViewModel.swift in Sources */ = {isa = PBXBuildFile; fileRef = 3333C6C12C083CEC006E1293 /* TravelTipsViewModel.swift */; };
		3333C6C42C083D01006E1293 /* HotelsViewModel.swift in Sources */ = {isa = PBXBuildFile; fileRef = 3333C6C32C083D01006E1293 /* HotelsViewModel.swift */; };
		3333C6C72C083D27006E1293 /* MainScreenView.swift in Sources */ = {isa = PBXBuildFile; fileRef = 3333C6C62C083D27006E1293 /* MainScreenView.swift */; };
		3333C6C92C083D3E006E1293 /* DestinationDetailView.swift in Sources */ = {isa = PBXBuildFile; fileRef = 3333C6C82C083D3E006E1293 /* DestinationDetailView.swift */; };
		3333C6CB2C083D5D006E1293 /* TransportView.swift in Sources */ = {isa = PBXBuildFile; fileRef = 3333C6CA2C083D5D006E1293 /* TransportView.swift */; };
		3333C6CD2C083D79006E1293 /* MustSeeView.swift in Sources */ = {isa = PBXBuildFile; fileRef = 3333C6CC2C083D79006E1293 /* MustSeeView.swift */; };
		3333C6CF2C083D8D006E1293 /* HotelsView.swift in Sources */ = {isa = PBXBuildFile; fileRef = 3333C6CE2C083D8D006E1293 /* HotelsView.swift */; };
		3333C6D22C083DCA006E1293 /* NetworkingService.swift in Sources */ = {isa = PBXBuildFile; fileRef = 3333C6D12C083DCA006E1293 /* NetworkingService.swift */; };
		3333C6D52C0844D0006E1293 /* Hotel.swift in Sources */ = {isa = PBXBuildFile; fileRef = 3333C6D42C0844D0006E1293 /* Hotel.swift */; };
		339071812C07B38800E4A209 /* Assignment_31App.swift in Sources */ = {isa = PBXBuildFile; fileRef = 339071802C07B38800E4A209 /* Assignment_31App.swift */; };
		339071852C07B38900E4A209 /* Assets.xcassets in Resources */ = {isa = PBXBuildFile; fileRef = 339071842C07B38900E4A209 /* Assets.xcassets */; };
		339071882C07B38900E4A209 /* Preview Assets.xcassets in Resources */ = {isa = PBXBuildFile; fileRef = 339071872C07B38900E4A209 /* Preview Assets.xcassets */; };
/* End PBXBuildFile section */

/* Begin PBXFileReference section */
		3333C6B92C083C77006E1293 /* Destination.swift */ = {isa = PBXFileReference; lastKnownFileType = sourcecode.swift; path = Destination.swift; sourceTree = "<group>"; };
		3333C6BB2C083C8A006E1293 /* TravelTip.swift */ = {isa = PBXFileReference; lastKnownFileType = sourcecode.swift; path = TravelTip.swift; sourceTree = "<group>"; };
		3333C6BF2C083CD7006E1293 /* DestinationViewModel.swift */ = {isa = PBXFileReference; lastKnownFileType = sourcecode.swift; path = DestinationViewModel.swift; sourceTree = "<group>"; };
		3333C6C12C083CEC006E1293 /* TravelTipsViewModel.swift */ = {isa = PBXFileReference; lastKnownFileType = sourcecode.swift; path = TravelTipsViewModel.swift; sourceTree = "<group>"; };
		3333C6C32C083D01006E1293 /* HotelsViewModel.swift */ = {isa = PBXFileReference; lastKnownFileType = sourcecode.swift; path = HotelsViewModel.swift; sourceTree = "<group>"; };
		3333C6C62C083D27006E1293 /* MainScreenView.swift */ = {isa = PBXFileReference; lastKnownFileType = sourcecode.swift; path = MainScreenView.swift; sourceTree = "<group>"; };
		3333C6C82C083D3E006E1293 /* DestinationDetailView.swift */ = {isa = PBXFileReference; lastKnownFileType = sourcecode.swift; path = DestinationDetailView.swift; sourceTree = "<group>"; };
		3333C6CA2C083D5D006E1293 /* TransportView.swift */ = {isa = PBXFileReference; lastKnownFileType = sourcecode.swift; path = TransportView.swift; sourceTree = "<group>"; };
		3333C6CC2C083D79006E1293 /* MustSeeView.swift */ = {isa = PBXFileReference; lastKnownFileType = sourcecode.swift; path = MustSeeView.swift; sourceTree = "<group>"; };
		3333C6CE2C083D8D006E1293 /* HotelsView.swift */ = {isa = PBXFileReference; lastKnownFileType = sourcecode.swift; path = HotelsView.swift; sourceTree = "<group>"; };
		3333C6D12C083DCA006E1293 /* NetworkingService.swift */ = {isa = PBXFileReference; lastKnownFileType = sourcecode.swift; path = NetworkingService.swift; sourceTree = "<group>"; };
		3333C6D42C0844D0006E1293 /* Hotel.swift */ = {isa = PBXFileReference; lastKnownFileType = sourcecode.swift; path = Hotel.swift; sourceTree = "<group>"; };
		3390717D2C07B38800E4A209 /* Assignment 31.app */ = {isa = PBXFileReference; explicitFileType = wrapper.application; includeInIndex = 0; path = "Assignment 31.app"; sourceTree = BUILT_PRODUCTS_DIR; };
		339071802C07B38800E4A209 /* Assignment_31App.swift */ = {isa = PBXFileReference; lastKnownFileType = sourcecode.swift; path = Assignment_31App.swift; sourceTree = "<group>"; };
		339071842C07B38900E4A209 /* Assets.xcassets */ = {isa = PBXFileReference; lastKnownFileType = folder.assetcatalog; path = Assets.xcassets; sourceTree = "<group>"; };
		339071872C07B38900E4A209 /* Preview Assets.xcassets */ = {isa = PBXFileReference; lastKnownFileType = folder.assetcatalog; path = "Preview Assets.xcassets"; sourceTree = "<group>"; };
/* End PBXFileReference section */

/* Begin PBXFrameworksBuildPhase section */
		3390717A2C07B38800E4A209 /* Frameworks */ = {
			isa = PBXFrameworksBuildPhase;
			buildActionMask = 2147483647;
			files = (
			);
			runOnlyForDeploymentPostprocessing = 0;
		};
/* End PBXFrameworksBuildPhase section */

/* Begin PBXGroup section */
		3333C6B82C083C65006E1293 /* Models */ = {
			isa = PBXGroup;
			children = (
				3333C6B92C083C77006E1293 /* Destination.swift */,
				3333C6BB2C083C8A006E1293 /* TravelTip.swift */,
				3333C6D42C0844D0006E1293 /* Hotel.swift */,
			);
			path = Models;
			sourceTree = "<group>";
		};
		3333C6BE2C083CBF006E1293 /* ViewModels */ = {
			isa = PBXGroup;
			children = (
				3333C6BF2C083CD7006E1293 /* DestinationViewModel.swift */,
				3333C6C12C083CEC006E1293 /* TravelTipsViewModel.swift */,
				3333C6C32C083D01006E1293 /* HotelsViewModel.swift */,
			);
			path = ViewModels;
			sourceTree = "<group>";
		};
		3333C6C52C083D0F006E1293 /* Views */ = {
			isa = PBXGroup;
			children = (
				3333C6C62C083D27006E1293 /* MainScreenView.swift */,
				3333C6C82C083D3E006E1293 /* DestinationDetailView.swift */,
				3333C6CA2C083D5D006E1293 /* TransportView.swift */,
				3333C6CC2C083D79006E1293 /* MustSeeView.swift */,
				3333C6CE2C083D8D006E1293 /* HotelsView.swift */,
			);
			path = Views;
			sourceTree = "<group>";
		};
		3333C6D02C083DA4006E1293 /* Networking */ = {
			isa = PBXGroup;
			children = (
				3333C6D12C083DCA006E1293 /* NetworkingService.swift */,
			);
			path = Networking;
			sourceTree = "<group>";
		};
		3333C6D32C083DF2006E1293 /* App */ = {
			isa = PBXGroup;
			children = (
				339071802C07B38800E4A209 /* Assignment_31App.swift */,
			);
			path = App;
			sourceTree = "<group>";
		};
		339071742C07B38800E4A209 = {
			isa = PBXGroup;
			children = (
				3390717F2C07B38800E4A209 /* Assignment 31 */,
				3390717E2C07B38800E4A209 /* Products */,
			);
			sourceTree = "<group>";
		};
		3390717E2C07B38800E4A209 /* Products */ = {
			isa = PBXGroup;
			children = (
				3390717D2C07B38800E4A209 /* Assignment 31.app */,
			);
			name = Products;
			sourceTree = "<group>";
		};
		3390717F2C07B38800E4A209 /* Assignment 31 */ = {
			isa = PBXGroup;
			children = (
				3333C6D32C083DF2006E1293 /* App */,
				3333C6B82C083C65006E1293 /* Models */,
				3333C6BE2C083CBF006E1293 /* ViewModels */,
				3333C6C52C083D0F006E1293 /* Views */,
				3333C6D02C083DA4006E1293 /* Networking */,
				339071842C07B38900E4A209 /* Assets.xcassets */,
				339071862C07B38900E4A209 /* Preview Content */,
			);
			path = "Assignment 31";
			sourceTree = "<group>";
		};
		339071862C07B38900E4A209 /* Preview Content */ = {
			isa = PBXGroup;
			children = (
				339071872C07B38900E4A209 /* Preview Assets.xcassets */,
			);
			path = "Preview Content";
			sourceTree = "<group>";
		};
/* End PBXGroup section */

/* Begin PBXNativeTarget section */
		3390717C2C07B38800E4A209 /* Assignment 31 */ = {
			isa = PBXNativeTarget;
			buildConfigurationList = 3390718B2C07B38900E4A209 /* Build configuration list for PBXNativeTarget "Assignment 31" */;
			buildPhases = (
				339071792C07B38800E4A209 /* Sources */,
				3390717A2C07B38800E4A209 /* Frameworks */,
				3390717B2C07B38800E4A209 /* Resources */,
			);
			buildRules = (
			);
			dependencies = (
			);
			name = "Assignment 31";
			productName = "Assignment 31";
			productReference = 3390717D2C07B38800E4A209 /* Assignment 31.app */;
			productType = "com.apple.product-type.application";
		};
/* End PBXNativeTarget section */

/* Begin PBXProject section */
		339071752C07B38800E4A209 /* Project object */ = {
			isa = PBXProject;
			attributes = {
				BuildIndependentTargetsInParallel = 1;
				LastSwiftUpdateCheck = 1540;
				LastUpgradeCheck = 1540;
				TargetAttributes = {
					3390717C2C07B38800E4A209 = {
						CreatedOnToolsVersion = 15.4;
					};
				};
			};
			buildConfigurationList = 339071782C07B38800E4A209 /* Build configuration list for PBXProject "Assignment 31" */;
			compatibilityVersion = "Xcode 14.0";
			developmentRegion = en;
			hasScannedForEncodings = 0;
			knownRegions = (
				en,
				Base,
			);
			mainGroup = 339071742C07B38800E4A209;
			productRefGroup = 3390717E2C07B38800E4A209 /* Products */;
			projectDirPath = "";
			projectRoot = "";
			targets = (
				3390717C2C07B38800E4A209 /* Assignment 31 */,
			);
		};
/* End PBXProject section */

/* Begin PBXResourcesBuildPhase section */
		3390717B2C07B38800E4A209 /* Resources */ = {
			isa = PBXResourcesBuildPhase;
			buildActionMask = 2147483647;
			files = (
				339071882C07B38900E4A209 /* Preview Assets.xcassets in Resources */,
				339071852C07B38900E4A209 /* Assets.xcassets in Resources */,
			);
			runOnlyForDeploymentPostprocessing = 0;
		};
/* End PBXResourcesBuildPhase section */

/* Begin PBXSourcesBuildPhase section */
		339071792C07B38800E4A209 /* Sources */ = {
			isa = PBXSourcesBuildPhase;
			buildActionMask = 2147483647;
			files = (
				3333C6C22C083CEC006E1293 /* TravelTipsViewModel.swift in Sources */,
				3333C6C42C083D01006E1293 /* HotelsViewModel.swift in Sources */,
				3333C6BC2C083C8A006E1293 /* TravelTip.swift in Sources */,
				3333C6CD2C083D79006E1293 /* MustSeeView.swift in Sources */,
				3333C6CF2C083D8D006E1293 /* HotelsView.swift in Sources */,
				339071812C07B38800E4A209 /* Assignment_31App.swift in Sources */,
				3333C6C02C083CD7006E1293 /* DestinationViewModel.swift in Sources */,
				3333C6CB2C083D5D006E1293 /* TransportView.swift in Sources */,
				3333C6C92C083D3E006E1293 /* DestinationDetailView.swift in Sources */,
				3333C6BA2C083C77006E1293 /* Destination.swift in Sources */,
				3333C6D22C083DCA006E1293 /* NetworkingService.swift in Sources */,
				3333C6C72C083D27006E1293 /* MainScreenView.swift in Sources */,
				3333C6D52C0844D0006E1293 /* Hotel.swift in Sources */,
			);
			runOnlyForDeploymentPostprocessing = 0;
		};
/* End PBXSourcesBuildPhase section */

/* Begin XCBuildConfiguration section */
		339071892C07B38900E4A209 /* Debug */ = {
			isa = XCBuildConfiguration;
			buildSettings = {
				ALWAYS_SEARCH_USER_PATHS = NO;
				ASSETCATALOG_COMPILER_GENERATE_SWIFT_ASSET_SYMBOL_EXTENSIONS = YES;
				CLANG_ANALYZER_NONNULL = YES;
				CLANG_ANALYZER_NUMBER_OBJECT_CONVERSION = YES_AGGRESSIVE;
				CLANG_CXX_LANGUAGE_STANDARD = "gnu++20";
				CLANG_ENABLE_MODULES = YES;
				CLANG_ENABLE_OBJC_ARC = YES;
				CLANG_ENABLE_OBJC_WEAK = YES;
				CLANG_WARN_BLOCK_CAPTURE_AUTORELEASING = YES;
				CLANG_WARN_BOOL_CONVERSION = YES;
				CLANG_WARN_COMMA = YES;
				CLANG_WARN_CONSTANT_CONVERSION = YES;
				CLANG_WARN_DEPRECATED_OBJC_IMPLEMENTATIONS = YES;
				CLANG_WARN_DIRECT_OBJC_ISA_USAGE = YES_ERROR;
				CLANG_WARN_DOCUMENTATION_COMMENTS = YES;
				CLANG_WARN_EMPTY_BODY = YES;
				CLANG_WARN_ENUM_CONVERSION = YES;
				CLANG_WARN_INFINITE_RECURSION = YES;
				CLANG_WARN_INT_CONVERSION = YES;
				CLANG_WARN_NON_LITERAL_NULL_CONVERSION = YES;
				CLANG_WARN_OBJC_IMPLICIT_RETAIN_SELF = YES;
				CLANG_WARN_OBJC_LITERAL_CONVERSION = YES;
				CLANG_WARN_OBJC_ROOT_CLASS = YES_ERROR;
				CLANG_WARN_QUOTED_INCLUDE_IN_FRAMEWORK_HEADER = YES;
				CLANG_WARN_RANGE_LOOP_ANALYSIS = YES;
				CLANG_WARN_STRICT_PROTOTYPES = YES;
				CLANG_WARN_SUSPICIOUS_MOVE = YES;
				CLANG_WARN_UNGUARDED_AVAILABILITY = YES_AGGRESSIVE;
				CLANG_WARN_UNREACHABLE_CODE = YES;
				CLANG_WARN__DUPLICATE_METHOD_MATCH = YES;
				COPY_PHASE_STRIP = NO;
				DEBUG_INFORMATION_FORMAT = dwarf;
				ENABLE_STRICT_OBJC_MSGSEND = YES;
				ENABLE_TESTABILITY = YES;
				ENABLE_USER_SCRIPT_SANDBOXING = YES;
				GCC_C_LANGUAGE_STANDARD = gnu17;
				GCC_DYNAMIC_NO_PIC = NO;
				GCC_NO_COMMON_BLOCKS = YES;
				GCC_OPTIMIZATION_LEVEL = 0;
				GCC_PREPROCESSOR_DEFINITIONS = (
					"DEBUG=1",
					"$(inherited)",
				);
				GCC_WARN_64_TO_32_BIT_CONVERSION = YES;
				GCC_WARN_ABOUT_RETURN_TYPE = YES_ERROR;
				GCC_WARN_UNDECLARED_SELECTOR = YES;
				GCC_WARN_UNINITIALIZED_AUTOS = YES_AGGRESSIVE;
				GCC_WARN_UNUSED_FUNCTION = YES;
				GCC_WARN_UNUSED_VARIABLE = YES;
				IPHONEOS_DEPLOYMENT_TARGET = 17.5;
				LOCALIZATION_PREFERS_STRING_CATALOGS = YES;
				MTL_ENABLE_DEBUG_INFO = INCLUDE_SOURCE;
				MTL_FAST_MATH = YES;
				ONLY_ACTIVE_ARCH = YES;
				SDKROOT = iphoneos;
				SWIFT_ACTIVE_COMPILATION_CONDITIONS = "DEBUG $(inherited)";
				SWIFT_OPTIMIZATION_LEVEL = "-Onone";
			};
			name = Debug;
		};
		3390718A2C07B38900E4A209 /* Release */ = {
			isa = XCBuildConfiguration;
			buildSettings = {
				ALWAYS_SEARCH_USER_PATHS = NO;
				ASSETCATALOG_COMPILER_GENERATE_SWIFT_ASSET_SYMBOL_EXTENSIONS = YES;
				CLANG_ANALYZER_NONNULL = YES;
				CLANG_ANALYZER_NUMBER_OBJECT_CONVERSION = YES_AGGRESSIVE;
				CLANG_CXX_LANGUAGE_STANDARD = "gnu++20";
				CLANG_ENABLE_MODULES = YES;
				CLANG_ENABLE_OBJC_ARC = YES;
				CLANG_ENABLE_OBJC_WEAK = YES;
				CLANG_WARN_BLOCK_CAPTURE_AUTORELEASING = YES;
				CLANG_WARN_BOOL_CONVERSION = YES;
				CLANG_WARN_COMMA = YES;
				CLANG_WARN_CONSTANT_CONVERSION = YES;
				CLANG_WARN_DEPRECATED_OBJC_IMPLEMENTATIONS = YES;
				CLANG_WARN_DIRECT_OBJC_ISA_USAGE = YES_ERROR;
				CLANG_WARN_DOCUMENTATION_COMMENTS = YES;
				CLANG_WARN_EMPTY_BODY = YES;
				CLANG_WARN_ENUM_CONVERSION = YES;
				CLANG_WARN_INFINITE_RECURSION = YES;
				CLANG_WARN_INT_CONVERSION = YES;
				CLANG_WARN_NON_LITERAL_NULL_CONVERSION = YES;
				CLANG_WARN_OBJC_IMPLICIT_RETAIN_SELF = YES;
				CLANG_WARN_OBJC_LITERAL_CONVERSION = YES;
				CLANG_WARN_OBJC_ROOT_CLASS = YES_ERROR;
				CLANG_WARN_QUOTED_INCLUDE_IN_FRAMEWORK_HEADER = YES;
				CLANG_WARN_RANGE_LOOP_ANALYSIS = YES;
				CLANG_WARN_STRICT_PROTOTYPES = YES;
				CLANG_WARN_SUSPICIOUS_MOVE = YES;
				CLANG_WARN_UNGUARDED_AVAILABILITY = YES_AGGRESSIVE;
				CLANG_WARN_UNREACHABLE_CODE = YES;
				CLANG_WARN__DUPLICATE_METHOD_MATCH = YES;
				COPY_PHASE_STRIP = NO;
				DEBUG_INFORMATION_FORMAT = "dwarf-with-dsym";
				ENABLE_NS_ASSERTIONS = NO;
				ENABLE_STRICT_OBJC_MSGSEND = YES;
				ENABLE_USER_SCRIPT_SANDBOXING = YES;
				GCC_C_LANGUAGE_STANDARD = gnu17;
				GCC_NO_COMMON_BLOCKS = YES;
				GCC_WARN_64_TO_32_BIT_CONVERSION = YES;
				GCC_WARN_ABOUT_RETURN_TYPE = YES_ERROR;
				GCC_WARN_UNDECLARED_SELECTOR = YES;
				GCC_WARN_UNINITIALIZED_AUTOS = YES_AGGRESSIVE;
				GCC_WARN_UNUSED_FUNCTION = YES;
				GCC_WARN_UNUSED_VARIABLE = YES;
				IPHONEOS_DEPLOYMENT_TARGET = 17.5;
				LOCALIZATION_PREFERS_STRING_CATALOGS = YES;
				MTL_ENABLE_DEBUG_INFO = NO;
				MTL_FAST_MATH = YES;
				SDKROOT = iphoneos;
				SWIFT_COMPILATION_MODE = wholemodule;
				VALIDATE_PRODUCT = YES;
			};
			name = Release;
		};
		3390718C2C07B38900E4A209 /* Debug */ = {
			isa = XCBuildConfiguration;
			buildSettings = {
				ASSETCATALOG_COMPILER_APPICON_NAME = AppIcon;
				ASSETCATALOG_COMPILER_GLOBAL_ACCENT_COLOR_NAME = AccentColor;
				CODE_SIGN_STYLE = Automatic;
				CURRENT_PROJECT_VERSION = 1;
				DEVELOPMENT_ASSET_PATHS = "\"Assignment 31/Preview Content\"";
				ENABLE_PREVIEWS = YES;
				GENERATE_INFOPLIST_FILE = YES;
				INFOPLIST_KEY_UIApplicationSceneManifest_Generation = YES;
				INFOPLIST_KEY_UIApplicationSupportsIndirectInputEvents = YES;
				INFOPLIST_KEY_UILaunchScreen_Generation = YES;
				INFOPLIST_KEY_UISupportedInterfaceOrientations_iPad = "UIInterfaceOrientationPortrait UIInterfaceOrientationPortraitUpsideDown UIInterfaceOrientationLandscapeLeft UIInterfaceOrientationLandscapeRight";
				INFOPLIST_KEY_UISupportedInterfaceOrientations_iPhone = "UIInterfaceOrientationPortrait UIInterfaceOrientationLandscapeLeft UIInterfaceOrientationLandscapeRight";
				LD_RUNPATH_SEARCH_PATHS = (
					"$(inherited)",
					"@executable_path/Frameworks",
				);
				MARKETING_VERSION = 1.0;
				PRODUCT_BUNDLE_IDENTIFIER = "Nika.Assignment-31";
				PRODUCT_NAME = "$(TARGET_NAME)";
				SWIFT_EMIT_LOC_STRINGS = YES;
				SWIFT_VERSION = 5.0;
				TARGETED_DEVICE_FAMILY = "1,2";
			};
			name = Debug;
		};
		3390718D2C07B38900E4A209 /* Release */ = {
			isa = XCBuildConfiguration;
			buildSettings = {
				ASSETCATALOG_COMPILER_APPICON_NAME = AppIcon;
				ASSETCATALOG_COMPILER_GLOBAL_ACCENT_COLOR_NAME = AccentColor;
				CODE_SIGN_STYLE = Automatic;
				CURRENT_PROJECT_VERSION = 1;
				DEVELOPMENT_ASSET_PATHS = "\"Assignment 31/Preview Content\"";
				ENABLE_PREVIEWS = YES;
				GENERATE_INFOPLIST_FILE = YES;
				INFOPLIST_KEY_UIApplicationSceneManifest_Generation = YES;
				INFOPLIST_KEY_UIApplicationSupportsIndirectInputEvents = YES;
				INFOPLIST_KEY_UILaunchScreen_Generation = YES;
				INFOPLIST_KEY_UISupportedInterfaceOrientations_iPad = "UIInterfaceOrientationPortrait UIInterfaceOrientationPortraitUpsideDown UIInterfaceOrientationLandscapeLeft UIInterfaceOrientationLandscapeRight";
				INFOPLIST_KEY_UISupportedInterfaceOrientations_iPhone = "UIInterfaceOrientationPortrait UIInterfaceOrientationLandscapeLeft UIInterfaceOrientationLandscapeRight";
				LD_RUNPATH_SEARCH_PATHS = (
					"$(inherited)",
					"@executable_path/Frameworks",
				);
				MARKETING_VERSION = 1.0;
				PRODUCT_BUNDLE_IDENTIFIER = "Nika.Assignment-31";
				PRODUCT_NAME = "$(TARGET_NAME)";
				SWIFT_EMIT_LOC_STRINGS = YES;
				SWIFT_VERSION = 5.0;
				TARGETED_DEVICE_FAMILY = "1,2";
			};
			name = Release;
		};
/* End XCBuildConfiguration section */

/* Begin XCConfigurationList section */
		339071782C07B38800E4A209 /* Build configuration list for PBXProject "Assignment 31" */ = {
			isa = XCConfigurationList;
			buildConfigurations = (
				339071892C07B38900E4A209 /* Debug */,
				3390718A2C07B38900E4A209 /* Release */,
			);
			defaultConfigurationIsVisible = 0;
			defaultConfigurationName = Release;
		};
		3390718B2C07B38900E4A209 /* Build configuration list for PBXNativeTarget "Assignment 31" */ = {
			isa = XCConfigurationList;
			buildConfigurations = (
				3390718C2C07B38900E4A209 /* Debug */,
				3390718D2C07B38900E4A209 /* Release */,
			);
			defaultConfigurationIsVisible = 0;
			defaultConfigurationName = Release;
		};
/* End XCConfigurationList section */
	};
	rootObject = 339071752C07B38800E4A209 /* Project object */;
}
