// !$*UTF8*$!
{
	archiveVersion = 1;
	classes = {
	};
	objectVersion = 56;
	objects = {

/* Begin PBXBuildFile section */
		339F39EA2BCD2A5000004F09 /* AppDelegate.swift in Sources */ = {isa = PBXBuildFile; fileRef = 339F39E92BCD2A5000004F09 /* AppDelegate.swift */; };
		339F39EC2BCD2A5000004F09 /* SceneDelegate.swift in Sources */ = {isa = PBXBuildFile; fileRef = 339F39EB2BCD2A5000004F09 /* SceneDelegate.swift */; };
		339F39EE2BCD2A5000004F09 /* ViewController.swift in Sources */ = {isa = PBXBuildFile; fileRef = 339F39ED2BCD2A5000004F09 /* ViewController.swift */; };
		339F39F32BCD2A5100004F09 /* Assets.xcassets in Resources */ = {isa = PBXBuildFile; fileRef = 339F39F22BCD2A5100004F09 /* Assets.xcassets */; };
		339F39FF2BCD2ACB00004F09 /* FiraGO-Regular.ttf in Resources */ = {isa = PBXBuildFile; fileRef = 339F39FE2BCD2ACB00004F09 /* FiraGO-Regular.ttf */; };
		33B4B4982BCD3DB300D6797E /* LaunchScreen1.swift in Sources */ = {isa = PBXBuildFile; fileRef = 33B4B4972BCD3DB300D6797E /* LaunchScreen1.swift */; };
		33B4B49A2BCD56CD00D6797E /* CollectionView.swift in Sources */ = {isa = PBXBuildFile; fileRef = 33B4B4992BCD56CD00D6797E /* CollectionView.swift */; };
		33B4B49C2BCD5E7B00D6797E /* CustomCollectionViewCell.swift in Sources */ = {isa = PBXBuildFile; fileRef = 33B4B49B2BCD5E7B00D6797E /* CustomCollectionViewCell.swift */; };
		33B4B49E2BCD7C3900D6797E /* NewCardViewController.swift in Sources */ = {isa = PBXBuildFile; fileRef = 33B4B49D2BCD7C3900D6797E /* NewCardViewController.swift */; };
		33B4B4A02BCDB22D00D6797E /* AddButton.swift in Sources */ = {isa = PBXBuildFile; fileRef = 33B4B49F2BCDB22D00D6797E /* AddButton.swift */; };
/* End PBXBuildFile section */

/* Begin PBXFileReference section */
		339F39E62BCD2A5000004F09 /* Lecture 17.app */ = {isa = PBXFileReference; explicitFileType = wrapper.application; includeInIndex = 0; path = "Lecture 17.app"; sourceTree = BUILT_PRODUCTS_DIR; };
		339F39E92BCD2A5000004F09 /* AppDelegate.swift */ = {isa = PBXFileReference; lastKnownFileType = sourcecode.swift; path = AppDelegate.swift; sourceTree = "<group>"; };
		339F39EB2BCD2A5000004F09 /* SceneDelegate.swift */ = {isa = PBXFileReference; lastKnownFileType = sourcecode.swift; path = SceneDelegate.swift; sourceTree = "<group>"; };
		339F39ED2BCD2A5000004F09 /* ViewController.swift */ = {isa = PBXFileReference; lastKnownFileType = sourcecode.swift; path = ViewController.swift; sourceTree = "<group>"; };
		339F39F22BCD2A5100004F09 /* Assets.xcassets */ = {isa = PBXFileReference; lastKnownFileType = folder.assetcatalog; path = Assets.xcassets; sourceTree = "<group>"; };
		339F39F72BCD2A5100004F09 /* Info.plist */ = {isa = PBXFileReference; lastKnownFileType = text.plist.xml; name = Info.plist; path = "Lecture 17/Info.plist"; sourceTree = SOURCE_ROOT; };
		339F39FE2BCD2ACB00004F09 /* FiraGO-Regular.ttf */ = {isa = PBXFileReference; lastKnownFileType = file; name = "FiraGO-Regular.ttf"; path = "Lecture 17/Font/FiraGO-Regular.ttf"; sourceTree = SOURCE_ROOT; };
		33B4B4972BCD3DB300D6797E /* LaunchScreen1.swift */ = {isa = PBXFileReference; lastKnownFileType = sourcecode.swift; path = LaunchScreen1.swift; sourceTree = "<group>"; };
		33B4B4992BCD56CD00D6797E /* CollectionView.swift */ = {isa = PBXFileReference; lastKnownFileType = sourcecode.swift; path = CollectionView.swift; sourceTree = "<group>"; };
		33B4B49B2BCD5E7B00D6797E /* CustomCollectionViewCell.swift */ = {isa = PBXFileReference; lastKnownFileType = sourcecode.swift; path = CustomCollectionViewCell.swift; sourceTree = "<group>"; };
		33B4B49D2BCD7C3900D6797E /* NewCardViewController.swift */ = {isa = PBXFileReference; lastKnownFileType = sourcecode.swift; path = NewCardViewController.swift; sourceTree = "<group>"; };
		33B4B49F2BCDB22D00D6797E /* AddButton.swift */ = {isa = PBXFileReference; lastKnownFileType = sourcecode.swift; path = AddButton.swift; sourceTree = "<group>"; };
/* End PBXFileReference section */

/* Begin PBXFrameworksBuildPhase section */
		339F39E32BCD2A5000004F09 /* Frameworks */ = {
			isa = PBXFrameworksBuildPhase;
			buildActionMask = 2147483647;
			files = (
			);
			runOnlyForDeploymentPostprocessing = 0;
		};
/* End PBXFrameworksBuildPhase section */

/* Begin PBXGroup section */
		339F39DD2BCD2A5000004F09 = {
			isa = PBXGroup;
			children = (
				339F39E82BCD2A5000004F09 /* Lecture 17 */,
				339F39E72BCD2A5000004F09 /* Products */,
			);
			sourceTree = "<group>";
		};
		339F39E72BCD2A5000004F09 /* Products */ = {
			isa = PBXGroup;
			children = (
				339F39E62BCD2A5000004F09 /* Lecture 17.app */,
			);
			name = Products;
			sourceTree = "<group>";
		};
		339F39E82BCD2A5000004F09 /* Lecture 17 */ = {
			isa = PBXGroup;
			children = (
				339F39FD2BCD2A8F00004F09 /* Font */,
				33B4B4972BCD3DB300D6797E /* LaunchScreen1.swift */,
				339F39E92BCD2A5000004F09 /* AppDelegate.swift */,
				339F39EB2BCD2A5000004F09 /* SceneDelegate.swift */,
				33B4B49B2BCD5E7B00D6797E /* CustomCollectionViewCell.swift */,
				339F39ED2BCD2A5000004F09 /* ViewController.swift */,
				33B4B4992BCD56CD00D6797E /* CollectionView.swift */,
				33B4B49D2BCD7C3900D6797E /* NewCardViewController.swift */,
				33B4B49F2BCDB22D00D6797E /* AddButton.swift */,
				339F39F22BCD2A5100004F09 /* Assets.xcassets */,
				339F39F72BCD2A5100004F09 /* Info.plist */,
			);
			path = "Lecture 17";
			sourceTree = "<group>";
		};
		339F39FD2BCD2A8F00004F09 /* Font */ = {
			isa = PBXGroup;
			children = (
				339F39FE2BCD2ACB00004F09 /* FiraGO-Regular.ttf */,
			);
			path = Font;
			sourceTree = "<group>";
		};
/* End PBXGroup section */

/* Begin PBXNativeTarget section */
		339F39E52BCD2A5000004F09 /* Lecture 17 */ = {
			isa = PBXNativeTarget;
			buildConfigurationList = 339F39FA2BCD2A5100004F09 /* Build configuration list for PBXNativeTarget "Lecture 17" */;
			buildPhases = (
				339F39E22BCD2A5000004F09 /* Sources */,
				339F39E32BCD2A5000004F09 /* Frameworks */,
				339F39E42BCD2A5000004F09 /* Resources */,
			);
			buildRules = (
			);
			dependencies = (
			);
			name = "Lecture 17";
			productName = "Lecture 17";
			productReference = 339F39E62BCD2A5000004F09 /* Lecture 17.app */;
			productType = "com.apple.product-type.application";
		};
/* End PBXNativeTarget section */

/* Begin PBXProject section */
		339F39DE2BCD2A5000004F09 /* Project object */ = {
			isa = PBXProject;
			attributes = {
				BuildIndependentTargetsInParallel = 1;
				LastSwiftUpdateCheck = 1530;
				LastUpgradeCheck = 1530;
				TargetAttributes = {
					339F39E52BCD2A5000004F09 = {
						CreatedOnToolsVersion = 15.3;
					};
				};
			};
			buildConfigurationList = 339F39E12BCD2A5000004F09 /* Build configuration list for PBXProject "Lecture 17" */;
			compatibilityVersion = "Xcode 14.0";
			developmentRegion = en;
			hasScannedForEncodings = 0;
			knownRegions = (
				en,
				Base,
			);
			mainGroup = 339F39DD2BCD2A5000004F09;
			productRefGroup = 339F39E72BCD2A5000004F09 /* Products */;
			projectDirPath = "";
			projectRoot = "";
			targets = (
				339F39E52BCD2A5000004F09 /* Lecture 17 */,
			);
		};
/* End PBXProject section */

/* Begin PBXResourcesBuildPhase section */
		339F39E42BCD2A5000004F09 /* Resources */ = {
			isa = PBXResourcesBuildPhase;
			buildActionMask = 2147483647;
			files = (
				339F39F32BCD2A5100004F09 /* Assets.xcassets in Resources */,
				339F39FF2BCD2ACB00004F09 /* FiraGO-Regular.ttf in Resources */,
			);
			runOnlyForDeploymentPostprocessing = 0;
		};
/* End PBXResourcesBuildPhase section */

/* Begin PBXSourcesBuildPhase section */
		339F39E22BCD2A5000004F09 /* Sources */ = {
			isa = PBXSourcesBuildPhase;
			buildActionMask = 2147483647;
			files = (
				33B4B4982BCD3DB300D6797E /* LaunchScreen1.swift in Sources */,
				33B4B49C2BCD5E7B00D6797E /* CustomCollectionViewCell.swift in Sources */,
				33B4B49E2BCD7C3900D6797E /* NewCardViewController.swift in Sources */,
				33B4B49A2BCD56CD00D6797E /* CollectionView.swift in Sources */,
				339F39EE2BCD2A5000004F09 /* ViewController.swift in Sources */,
				339F39EA2BCD2A5000004F09 /* AppDelegate.swift in Sources */,
				339F39EC2BCD2A5000004F09 /* SceneDelegate.swift in Sources */,
				33B4B4A02BCDB22D00D6797E /* AddButton.swift in Sources */,
			);
			runOnlyForDeploymentPostprocessing = 0;
		};
/* End PBXSourcesBuildPhase section */

/* Begin XCBuildConfiguration section */
		339F39F82BCD2A5100004F09 /* Debug */ = {
			isa = XCBuildConfiguration;
			buildSettings = {
				ALWAYS_SEARCH_USER_PATHS = NO;
				ASSETCATALOG_COMPILER_GENERATE_SWIFT_ASSET_SYMBOL_EXTENSIONS = YES;
				CLANG_ANALYZER_NONNULL = YES;
				CLANG_ANALYZER_NUMBER_OBJECT_CONVERSION = YES_AGGRESSIVE;
				CLANG_CXX_LANGUAGE_STANDARD = "gnu++20";
				CLANG_ENABLE_MODULES = YES;
				CLANG_ENABLE_OBJC_ARC = YES;
				CLANG_ENABLE_OBJC_WEAK = YES;
				CLANG_WARN_BLOCK_CAPTURE_AUTORELEASING = YES;
				CLANG_WARN_BOOL_CONVERSION = YES;
				CLANG_WARN_COMMA = YES;
				CLANG_WARN_CONSTANT_CONVERSION = YES;
				CLANG_WARN_DEPRECATED_OBJC_IMPLEMENTATIONS = YES;
				CLANG_WARN_DIRECT_OBJC_ISA_USAGE = YES_ERROR;
				CLANG_WARN_DOCUMENTATION_COMMENTS = YES;
				CLANG_WARN_EMPTY_BODY = YES;
				CLANG_WARN_ENUM_CONVERSION = YES;
				CLANG_WARN_INFINITE_RECURSION = YES;
				CLANG_WARN_INT_CONVERSION = YES;
				CLANG_WARN_NON_LITERAL_NULL_CONVERSION = YES;
				CLANG_WARN_OBJC_IMPLICIT_RETAIN_SELF = YES;
				CLANG_WARN_OBJC_LITERAL_CONVERSION = YES;
				CLANG_WARN_OBJC_ROOT_CLASS = YES_ERROR;
				CLANG_WARN_QUOTED_INCLUDE_IN_FRAMEWORK_HEADER = YES;
				CLANG_WARN_RANGE_LOOP_ANALYSIS = YES;
				CLANG_WARN_STRICT_PROTOTYPES = YES;
				CLANG_WARN_SUSPICIOUS_MOVE = YES;
				CLANG_WARN_UNGUARDED_AVAILABILITY = YES_AGGRESSIVE;
				CLANG_WARN_UNREACHABLE_CODE = YES;
				CLANG_WARN__DUPLICATE_METHOD_MATCH = YES;
				COPY_PHASE_STRIP = NO;
				DEBUG_INFORMATION_FORMAT = dwarf;
				ENABLE_STRICT_OBJC_MSGSEND = YES;
				ENABLE_TESTABILITY = YES;
				ENABLE_USER_SCRIPT_SANDBOXING = YES;
				GCC_C_LANGUAGE_STANDARD = gnu17;
				GCC_DYNAMIC_NO_PIC = NO;
				GCC_NO_COMMON_BLOCKS = YES;
				GCC_OPTIMIZATION_LEVEL = 0;
				GCC_PREPROCESSOR_DEFINITIONS = (
					"DEBUG=1",
					"$(inherited)",
				);
				GCC_WARN_64_TO_32_BIT_CONVERSION = YES;
				GCC_WARN_ABOUT_RETURN_TYPE = YES_ERROR;
				GCC_WARN_UNDECLARED_SELECTOR = YES;
				GCC_WARN_UNINITIALIZED_AUTOS = YES_AGGRESSIVE;
				GCC_WARN_UNUSED_FUNCTION = YES;
				GCC_WARN_UNUSED_VARIABLE = YES;
				IPHONEOS_DEPLOYMENT_TARGET = 17.4;
				LOCALIZATION_PREFERS_STRING_CATALOGS = YES;
				MTL_ENABLE_DEBUG_INFO = INCLUDE_SOURCE;
				MTL_FAST_MATH = YES;
				ONLY_ACTIVE_ARCH = YES;
				SDKROOT = iphoneos;
				SWIFT_ACTIVE_COMPILATION_CONDITIONS = "DEBUG $(inherited)";
				SWIFT_OPTIMIZATION_LEVEL = "-Onone";
			};
			name = Debug;
		};
		339F39F92BCD2A5100004F09 /* Release */ = {
			isa = XCBuildConfiguration;
			buildSettings = {
				ALWAYS_SEARCH_USER_PATHS = NO;
				ASSETCATALOG_COMPILER_GENERATE_SWIFT_ASSET_SYMBOL_EXTENSIONS = YES;
				CLANG_ANALYZER_NONNULL = YES;
				CLANG_ANALYZER_NUMBER_OBJECT_CONVERSION = YES_AGGRESSIVE;
				CLANG_CXX_LANGUAGE_STANDARD = "gnu++20";
				CLANG_ENABLE_MODULES = YES;
				CLANG_ENABLE_OBJC_ARC = YES;
				CLANG_ENABLE_OBJC_WEAK = YES;
				CLANG_WARN_BLOCK_CAPTURE_AUTORELEASING = YES;
				CLANG_WARN_BOOL_CONVERSION = YES;
				CLANG_WARN_COMMA = YES;
				CLANG_WARN_CONSTANT_CONVERSION = YES;
				CLANG_WARN_DEPRECATED_OBJC_IMPLEMENTATIONS = YES;
				CLANG_WARN_DIRECT_OBJC_ISA_USAGE = YES_ERROR;
				CLANG_WARN_DOCUMENTATION_COMMENTS = YES;
				CLANG_WARN_EMPTY_BODY = YES;
				CLANG_WARN_ENUM_CONVERSION = YES;
				CLANG_WARN_INFINITE_RECURSION = YES;
				CLANG_WARN_INT_CONVERSION = YES;
				CLANG_WARN_NON_LITERAL_NULL_CONVERSION = YES;
				CLANG_WARN_OBJC_IMPLICIT_RETAIN_SELF = YES;
				CLANG_WARN_OBJC_LITERAL_CONVERSION = YES;
				CLANG_WARN_OBJC_ROOT_CLASS = YES_ERROR;
				CLANG_WARN_QUOTED_INCLUDE_IN_FRAMEWORK_HEADER = YES;
				CLANG_WARN_RANGE_LOOP_ANALYSIS = YES;
				CLANG_WARN_STRICT_PROTOTYPES = YES;
				CLANG_WARN_SUSPICIOUS_MOVE = YES;
				CLANG_WARN_UNGUARDED_AVAILABILITY = YES_AGGRESSIVE;
				CLANG_WARN_UNREACHABLE_CODE = YES;
				CLANG_WARN__DUPLICATE_METHOD_MATCH = YES;
				COPY_PHASE_STRIP = NO;
				DEBUG_INFORMATION_FORMAT = "dwarf-with-dsym";
				ENABLE_NS_ASSERTIONS = NO;
				ENABLE_STRICT_OBJC_MSGSEND = YES;
				ENABLE_USER_SCRIPT_SANDBOXING = YES;
				GCC_C_LANGUAGE_STANDARD = gnu17;
				GCC_NO_COMMON_BLOCKS = YES;
				GCC_WARN_64_TO_32_BIT_CONVERSION = YES;
				GCC_WARN_ABOUT_RETURN_TYPE = YES_ERROR;
				GCC_WARN_UNDECLARED_SELECTOR = YES;
				GCC_WARN_UNINITIALIZED_AUTOS = YES_AGGRESSIVE;
				GCC_WARN_UNUSED_FUNCTION = YES;
				GCC_WARN_UNUSED_VARIABLE = YES;
				IPHONEOS_DEPLOYMENT_TARGET = 17.4;
				LOCALIZATION_PREFERS_STRING_CATALOGS = YES;
				MTL_ENABLE_DEBUG_INFO = NO;
				MTL_FAST_MATH = YES;
				SDKROOT = iphoneos;
				SWIFT_COMPILATION_MODE = wholemodule;
				VALIDATE_PRODUCT = YES;
			};
			name = Release;
		};
		339F39FB2BCD2A5100004F09 /* Debug */ = {
			isa = XCBuildConfiguration;
			buildSettings = {
				ASSETCATALOG_COMPILER_APPICON_NAME = AppIcon;
				ASSETCATALOG_COMPILER_GLOBAL_ACCENT_COLOR_NAME = AccentColor;
				ASSETCATALOG_COMPILER_INCLUDE_ALL_APPICON_ASSETS = NO;
				CODE_SIGN_STYLE = Automatic;
				CURRENT_PROJECT_VERSION = 1;
				GENERATE_INFOPLIST_FILE = YES;
				INFOPLIST_FILE = "Lecture 17/Info.plist";
				INFOPLIST_KEY_UIApplicationSupportsIndirectInputEvents = YES;
				INFOPLIST_KEY_UILaunchStoryboardName = LaunchScreen1.swift;
				INFOPLIST_KEY_UISupportedInterfaceOrientations = UIInterfaceOrientationPortrait;
				IPHONEOS_DEPLOYMENT_TARGET = 17.4;
				LD_RUNPATH_SEARCH_PATHS = (
					"$(inherited)",
					"@executable_path/Frameworks",
				);
				MARKETING_VERSION = 1.0;
				PRODUCT_BUNDLE_IDENTIFIER = "Nika.Lecture-17";
				PRODUCT_NAME = "$(TARGET_NAME)";
				SWIFT_EMIT_LOC_STRINGS = YES;
				SWIFT_VERSION = 5.0;
				TARGETED_DEVICE_FAMILY = "1,2";
			};
			name = Debug;
		};
		339F39FC2BCD2A5100004F09 /* Release */ = {
			isa = XCBuildConfiguration;
			buildSettings = {
				ASSETCATALOG_COMPILER_APPICON_NAME = AppIcon;
				ASSETCATALOG_COMPILER_GLOBAL_ACCENT_COLOR_NAME = AccentColor;
				ASSETCATALOG_COMPILER_INCLUDE_ALL_APPICON_ASSETS = NO;
				CODE_SIGN_STYLE = Automatic;
				CURRENT_PROJECT_VERSION = 1;
				GENERATE_INFOPLIST_FILE = YES;
				INFOPLIST_FILE = "Lecture 17/Info.plist";
				INFOPLIST_KEY_UIApplicationSupportsIndirectInputEvents = YES;
				INFOPLIST_KEY_UILaunchStoryboardName = LaunchScreen1.swift;
				INFOPLIST_KEY_UISupportedInterfaceOrientations = UIInterfaceOrientationPortrait;
				IPHONEOS_DEPLOYMENT_TARGET = 17.4;
				LD_RUNPATH_SEARCH_PATHS = (
					"$(inherited)",
					"@executable_path/Frameworks",
				);
				MARKETING_VERSION = 1.0;
				PRODUCT_BUNDLE_IDENTIFIER = "Nika.Lecture-17";
				PRODUCT_NAME = "$(TARGET_NAME)";
				SWIFT_EMIT_LOC_STRINGS = YES;
				SWIFT_VERSION = 5.0;
				TARGETED_DEVICE_FAMILY = "1,2";
			};
			name = Release;
		};
/* End XCBuildConfiguration section */

/* Begin XCConfigurationList section */
		339F39E12BCD2A5000004F09 /* Build configuration list for PBXProject "Lecture 17" */ = {
			isa = XCConfigurationList;
			buildConfigurations = (
				339F39F82BCD2A5100004F09 /* Debug */,
				339F39F92BCD2A5100004F09 /* Release */,
			);
			defaultConfigurationIsVisible = 0;
			defaultConfigurationName = Release;
		};
		339F39FA2BCD2A5100004F09 /* Build configuration list for PBXNativeTarget "Lecture 17" */ = {
			isa = XCConfigurationList;
			buildConfigurations = (
				339F39FB2BCD2A5100004F09 /* Debug */,
				339F39FC2BCD2A5100004F09 /* Release */,
			);
			defaultConfigurationIsVisible = 0;
			defaultConfigurationName = Release;
		};
/* End XCConfigurationList section */
	};
	rootObject = 339F39DE2BCD2A5000004F09 /* Project object */;
}
